
Microsoft Visual Studio Solution File, Format Version 12.00
# Visual Studio Version 17
VisualStudioVersion = 17.10.35013.160
MinimumVisualStudioVersion = 10.0.40219.1
Project("{FAE04EC0-301F-11D3-BF4B-00C04F79EFBC}") = "TicTacToe", "TicTacToe.csproj", "{42A2D3F0-3C94-4F01-8A1C-9A7CAC95B375}"
EndProject
Global
	GlobalSection(SolutionConfigurationPlatforms) = preSolution
		Debug|Any CPU = Debug|Any CPU
		Release|Any CPU = Release|Any CPU
	EndGlobalSection
	GlobalSection(ProjectConfigurationPlatforms) = postSolution
		{42A2D3F0-3C94-4F01-8A1C-9A7CAC95B375}.Debug|Any CPU.ActiveCfg = Debug|Any CPU
		{42A2D3F0-3C94-4F01-8A1C-9A7CAC95B375}.Debug|Any CPU.Build.0 = Debug|Any CPU
		{42A2D3F0-3C94-4F01-8A1C-9A7CAC95B375}.Release|Any CPU.ActiveCfg = Release|Any CPU
		{42A2D3F0-3C94-4F01-8A1C-9A7CAC95B375}.Release|Any CPU.Build.0 = Release|Any CPU
	EndGlobalSection
	GlobalSection(SolutionProperties) = preSolution
		HideSolutionNode = FALSE
	EndGlobalSection
	GlobalSection(ExtensibilityGlobals) = postSolution
		SolutionGuid = {A1F8B294-730B-4CF5-9BC8-6E654055E022}
	EndGlobalSection
EndGlobal
